
Microsoft Visual Studio Solution File, Format Version 12.00
# Visual Studio Version 17
VisualStudioVersion = 17.11.35312.102
MinimumVisualStudioVersion = 10.0.40219.1
Project("{2150E333-8FDC-42A3-9474-1A3956D46DE8}") = "Task0", "Task0", "{E31FDAA3-AF32-4041-ACEE-876EF03EB28A}"
EndProject
Project("{9A19103F-16F7-4668-BE54-9A1E7A4F7556}") = "Tyuiu.VaganovMA.Sprint4.Task0.V5", "Tyuiu.VaganovMA.Sprint4.Task0.V5\Tyuiu.VaganovMA.Sprint4.Task0.V5.csproj", "{006D991D-45BF-4838-98DF-F62C7D861E03}"
EndProject
Project("{9A19103F-16F7-4668-BE54-9A1E7A4F7556}") = "Tyuiu.VaganovMA.Sprint4.Task0.V5.Lib", "Tyuiu.VaganovMA.Sprint4.Task0.V5.Lib\Tyuiu.VaganovMA.Sprint4.Task0.V5.Lib.csproj", "{5280B34C-2365-455D-B44A-4B3DE562676D}"
EndProject
Project("{9A19103F-16F7-4668-BE54-9A1E7A4F7556}") = "Tyuiu.VaganovMA.Sprint4.Task0.V5.Test", "Tyuiu.VaganovMA.Sprint4.Task0.V5.Test\Tyuiu.VaganovMA.Sprint4.Task0.V5.Test.csproj", "{8C9D8E24-B234-4BA3-982B-69E6E6E765E3}"
EndProject
Project("{2150E333-8FDC-42A3-9474-1A3956D46DE8}") = "Task1", "Task1", "{9E0F2843-953E-4681-B004-37260914D1F0}"
EndProject
Project("{FAE04EC0-301F-11D3-BF4B-00C04F79EFBC}") = "Tyuiu.VaganovMA.Sprint4.Task1.V24", "Tyuiu.VaganovMA.Sprint4.Task1.V24\Tyuiu.VaganovMA.Sprint4.Task1.V24.csproj", "{E2D57E9F-1141-4056-BC8B-B0FA0C7EA105}"
EndProject
Project("{FAE04EC0-301F-11D3-BF4B-00C04F79EFBC}") = "Tyuiu.VaganovMA.Sprint4.Task1.V24.Lib", "Tyuiu.VaganovMA.Sprint4.Task1.V24.Lib\Tyuiu.VaganovMA.Sprint4.Task1.V24.Lib.csproj", "{39CBAC67-5533-4163-9B8A-F713CAF98586}"
EndProject
Project("{FAE04EC0-301F-11D3-BF4B-00C04F79EFBC}") = "Tyuiu.VaganovMA.Sprint4.Task1.V24.Test", "Tyuiu.VaganovMA.Sprint4.Task1.V24.Test\Tyuiu.VaganovMA.Sprint4.Task1.V24.Test.csproj", "{8E19256E-35EA-4DEE-82AE-B6C333233361}"
EndProject
Project("{2150E333-8FDC-42A3-9474-1A3956D46DE8}") = "Task2", "Task2", "{68A7C5F9-0CB6-426B-ADB8-053D353817E7}"
EndProject
Project("{FAE04EC0-301F-11D3-BF4B-00C04F79EFBC}") = "Tyuiu.VaganovMA.Sprint4.Task2.V25", "Tyuiu.VaganovMA.Sprint4.Task2.V25\Tyuiu.VaganovMA.Sprint4.Task2.V25.csproj", "{993A7C79-40C5-4AF2-8C09-F7B7DAC4F26B}"
EndProject
Project("{FAE04EC0-301F-11D3-BF4B-00C04F79EFBC}") = "Tyuiu.VaganovMA.Sprint4.Task2.V25.Lib", "Tyuiu.VaganovMA.Sprint4.Task2.V25.Lib\Tyuiu.VaganovMA.Sprint4.Task2.V25.Lib.csproj", "{218281AA-3504-4E8F-AAAB-EBC9580E99FB}"
EndProject
Project("{FAE04EC0-301F-11D3-BF4B-00C04F79EFBC}") = "Tyuiu.VaganovMA.Sprint4.Task2.V25.Test", "Tyuiu.VaganovMA.Sprint4.Task2.V25.Test\Tyuiu.VaganovMA.Sprint4.Task2.V25.Test.csproj", "{A18FD797-3BE7-4CFA-8176-B7F7CD617C30}"
EndProject
Project("{2150E333-8FDC-42A3-9474-1A3956D46DE8}") = "Task3", "Task3", "{340AFE84-2151-489F-ABAF-39FF0142D01A}"
EndProject
Project("{FAE04EC0-301F-11D3-BF4B-00C04F79EFBC}") = "Tyuiu.VaganovMA.Sprint4.Task3.V8", "Tyuiu.VaganovMA.Sprint4.Task3.V8\Tyuiu.VaganovMA.Sprint4.Task3.V8.csproj", "{E19F3973-36D4-4205-84FE-BCB62A61282D}"
EndProject
Project("{FAE04EC0-301F-11D3-BF4B-00C04F79EFBC}") = "Tyuiu.VaganovMA.Sprint4.Task3.V8.Lib", "Tyuiu.VaganovMA.Sprint4.Task3.V8.Lib\Tyuiu.VaganovMA.Sprint4.Task3.V8.Lib.csproj", "{446EF51D-E13F-4392-B86B-1D93E2DF6DAE}"
EndProject
Project("{FAE04EC0-301F-11D3-BF4B-00C04F79EFBC}") = "Tyuiu.VaganovMA.Sprint4.Task3.V8.Test", "Tyuiu.VaganovMA.Sprint4.Task3.V8.Test\Tyuiu.VaganovMA.Sprint4.Task3.V8.Test.csproj", "{735A7119-AB3B-4027-BD87-A86555673B16}"
EndProject
Project("{2150E333-8FDC-42A3-9474-1A3956D46DE8}") = "Task4", "Task4", "{A9A42ECF-02D4-4EDA-9EF7-614A5748AD83}"
EndProject
Project("{FAE04EC0-301F-11D3-BF4B-00C04F79EFBC}") = "Tyuiu.VaganovMA.Sprint4.Task4.V7", "Tyuiu.VaganovMA.Sprint4.Task4.V7\Tyuiu.VaganovMA.Sprint4.Task4.V7.csproj", "{96E9F821-B6E4-4C59-8CD1-917CE6F41D3B}"
EndProject
Project("{FAE04EC0-301F-11D3-BF4B-00C04F79EFBC}") = "Tyuiu.VaganovMA.Sprint4.Task4.V7.Lib", "Tyuiu.VaganovMA.Sprint4.Task4.V7.Lib\Tyuiu.VaganovMA.Sprint4.Task4.V7.Lib.csproj", "{1CE3DE01-C665-4EFE-890F-389A05F40C19}"
EndProject
Project("{FAE04EC0-301F-11D3-BF4B-00C04F79EFBC}") = "Tyuiu.VaganovMA.Sprint4.Task4.V7.Test", "Tyuiu.VaganovMA.Sprint4.Task4.V7.Test\Tyuiu.VaganovMA.Sprint4.Task4.V7.Test.csproj", "{8B7DAA46-9CEB-4A20-88D4-B622D6139F37}"
EndProject
Project("{2150E333-8FDC-42A3-9474-1A3956D46DE8}") = "Task5", "Task5", "{C8F4892C-E9AC-4BEA-9129-7BAA5FEC8564}"
EndProject
Project("{FAE04EC0-301F-11D3-BF4B-00C04F79EFBC}") = "Tyuiu.VaganovMA.Sprint4.Task5.V21", "Tyuiu.VaganovMA.Sprint4.Task5.V21\Tyuiu.VaganovMA.Sprint4.Task5.V21.csproj", "{838C8D52-B1BD-4AA1-A41D-0EDD6E399C9F}"
EndProject
Project("{FAE04EC0-301F-11D3-BF4B-00C04F79EFBC}") = "Tyuiu.VaganovMA.Sprint4.Task5.V21.Lib", "Tyuiu.VaganovMA.Sprint4.Task5.V21.Lib\Tyuiu.VaganovMA.Sprint4.Task5.V21.Lib.csproj", "{32F0A728-98A6-49EA-800F-36B8C8B0D1AD}"
EndProject
Project("{FAE04EC0-301F-11D3-BF4B-00C04F79EFBC}") = "Tyuiu.VaganovMA.Sprint4.Task5.V21.Test", "Tyuiu.VaganovMA.Sprint4.Task5.V21.Test\Tyuiu.VaganovMA.Sprint4.Task5.V21.Test.csproj", "{5657C7EE-A8A6-45EF-8861-43F379947F03}"
EndProject
Project("{2150E333-8FDC-42A3-9474-1A3956D46DE8}") = "Task6", "Task6", "{1E2FB1AA-7323-43E7-A9DB-DA3F8DFDA773}"
EndProject
Project("{FAE04EC0-301F-11D3-BF4B-00C04F79EFBC}") = "Tyuiu.VaganovMA.Sprint4.Task6.V15", "Tyuiu.VaganovMA.Sprint4.Task6.V15\Tyuiu.VaganovMA.Sprint4.Task6.V15.csproj", "{68A372B1-C985-4849-9B5E-69E89D7DEEBB}"
EndProject
Project("{FAE04EC0-301F-11D3-BF4B-00C04F79EFBC}") = "Tyuiu.VaganovMA.Sprint4.Task6.V15.Lib", "Tyuiu.VaganovMA.Sprint4.Task6.V15.Lib\Tyuiu.VaganovMA.Sprint4.Task6.V15.Lib.csproj", "{EBD28326-96FD-48B2-AA1A-8E08BB7C492A}"
EndProject
Project("{FAE04EC0-301F-11D3-BF4B-00C04F79EFBC}") = "Tyuiu.VaganovMA.Sprint4.Task6.V15.Test", "Tyuiu.VaganovMA.Sprint4.Task6.V15.Test\Tyuiu.VaganovMA.Sprint4.Task6.V15.Test.csproj", "{60F5B02B-668A-425F-8112-62C40E1756B2}"
EndProject
Project("{2150E333-8FDC-42A3-9474-1A3956D46DE8}") = "Task7", "Task7", "{6C74754F-4117-47D7-9D6C-990192B8A89B}"
EndProject
Project("{FAE04EC0-301F-11D3-BF4B-00C04F79EFBC}") = "Tyuiu.VaganovMA.Sprint4.Task7.V26", "Tyuiu.VaganovMA.Sprint4.Task7.V26\Tyuiu.VaganovMA.Sprint4.Task7.V26.csproj", "{4A1D78B8-4D3A-4616-8DE6-A776AEF46E39}"
EndProject
Project("{FAE04EC0-301F-11D3-BF4B-00C04F79EFBC}") = "Tyuiu.VaganovMA.Sprint4.Task7.V26.Lib", "Tyuiu.VaganovMA.Sprint4.Task7.V26.Lib\Tyuiu.VaganovMA.Sprint4.Task7.V26.Lib.csproj", "{9B814D10-5FF6-4714-B5A4-947482359058}"
EndProject
Project("{FAE04EC0-301F-11D3-BF4B-00C04F79EFBC}") = "Tyuiu.VaganovMA.Sprint4.Task7.V26.Test", "Tyuiu.VaganovMA.Sprint4.Task7.V26.Test\Tyuiu.VaganovMA.Sprint4.Task7.V26.Test.csproj", "{8D33D90C-967A-40DA-8BFF-7B2E600E1D2E}"
EndProject
Global
	GlobalSection(SolutionConfigurationPlatforms) = preSolution
		Debug|Any CPU = Debug|Any CPU
		Release|Any CPU = Release|Any CPU
	EndGlobalSection
	GlobalSection(ProjectConfigurationPlatforms) = postSolution
		{006D991D-45BF-4838-98DF-F62C7D861E03}.Debug|Any CPU.ActiveCfg = Debug|Any CPU
		{006D991D-45BF-4838-98DF-F62C7D861E03}.Debug|Any CPU.Build.0 = Debug|Any CPU
		{006D991D-45BF-4838-98DF-F62C7D861E03}.Release|Any CPU.ActiveCfg = Release|Any CPU
		{006D991D-45BF-4838-98DF-F62C7D861E03}.Release|Any CPU.Build.0 = Release|Any CPU
		{5280B34C-2365-455D-B44A-4B3DE562676D}.Debug|Any CPU.ActiveCfg = Debug|Any CPU
		{5280B34C-2365-455D-B44A-4B3DE562676D}.Debug|Any CPU.Build.0 = Debug|Any CPU
		{5280B34C-2365-455D-B44A-4B3DE562676D}.Release|Any CPU.ActiveCfg = Release|Any CPU
		{5280B34C-2365-455D-B44A-4B3DE562676D}.Release|Any CPU.Build.0 = Release|Any CPU
		{8C9D8E24-B234-4BA3-982B-69E6E6E765E3}.Debug|Any CPU.ActiveCfg = Debug|Any CPU
		{8C9D8E24-B234-4BA3-982B-69E6E6E765E3}.Debug|Any CPU.Build.0 = Debug|Any CPU
		{8C9D8E24-B234-4BA3-982B-69E6E6E765E3}.Release|Any CPU.ActiveCfg = Release|Any CPU
		{8C9D8E24-B234-4BA3-982B-69E6E6E765E3}.Release|Any CPU.Build.0 = Release|Any CPU
		{E2D57E9F-1141-4056-BC8B-B0FA0C7EA105}.Debug|Any CPU.ActiveCfg = Debug|Any CPU
		{E2D57E9F-1141-4056-BC8B-B0FA0C7EA105}.Debug|Any CPU.Build.0 = Debug|Any CPU
		{E2D57E9F-1141-4056-BC8B-B0FA0C7EA105}.Release|Any CPU.ActiveCfg = Release|Any CPU
		{E2D57E9F-1141-4056-BC8B-B0FA0C7EA105}.Release|Any CPU.Build.0 = Release|Any CPU
		{39CBAC67-5533-4163-9B8A-F713CAF98586}.Debug|Any CPU.ActiveCfg = Debug|Any CPU
		{39CBAC67-5533-4163-9B8A-F713CAF98586}.Debug|Any CPU.Build.0 = Debug|Any CPU
		{39CBAC67-5533-4163-9B8A-F713CAF98586}.Release|Any CPU.ActiveCfg = Release|Any CPU
		{39CBAC67-5533-4163-9B8A-F713CAF98586}.Release|Any CPU.Build.0 = Release|Any CPU
		{8E19256E-35EA-4DEE-82AE-B6C333233361}.Debug|Any CPU.ActiveCfg = Debug|Any CPU
		{8E19256E-35EA-4DEE-82AE-B6C333233361}.Debug|Any CPU.Build.0 = Debug|Any CPU
		{8E19256E-35EA-4DEE-82AE-B6C333233361}.Release|Any CPU.ActiveCfg = Release|Any CPU
		{8E19256E-35EA-4DEE-82AE-B6C333233361}.Release|Any CPU.Build.0 = Release|Any CPU
		{993A7C79-40C5-4AF2-8C09-F7B7DAC4F26B}.Debug|Any CPU.ActiveCfg = Debug|Any CPU
		{993A7C79-40C5-4AF2-8C09-F7B7DAC4F26B}.Debug|Any CPU.Build.0 = Debug|Any CPU
		{993A7C79-40C5-4AF2-8C09-F7B7DAC4F26B}.Release|Any CPU.ActiveCfg = Release|Any CPU
		{993A7C79-40C5-4AF2-8C09-F7B7DAC4F26B}.Release|Any CPU.Build.0 = Release|Any CPU
		{218281AA-3504-4E8F-AAAB-EBC9580E99FB}.Debug|Any CPU.ActiveCfg = Debug|Any CPU
		{218281AA-3504-4E8F-AAAB-EBC9580E99FB}.Debug|Any CPU.Build.0 = Debug|Any CPU
		{218281AA-3504-4E8F-AAAB-EBC9580E99FB}.Release|Any CPU.ActiveCfg = Release|Any CPU
		{218281AA-3504-4E8F-AAAB-EBC9580E99FB}.Release|Any CPU.Build.0 = Release|Any CPU
		{A18FD797-3BE7-4CFA-8176-B7F7CD617C30}.Debug|Any CPU.ActiveCfg = Debug|Any CPU
		{A18FD797-3BE7-4CFA-8176-B7F7CD617C30}.Debug|Any CPU.Build.0 = Debug|Any CPU
		{A18FD797-3BE7-4CFA-8176-B7F7CD617C30}.Release|Any CPU.ActiveCfg = Release|Any CPU
		{A18FD797-3BE7-4CFA-8176-B7F7CD617C30}.Release|Any CPU.Build.0 = Release|Any CPU
		{E19F3973-36D4-4205-84FE-BCB62A61282D}.Debug|Any CPU.ActiveCfg = Debug|Any CPU
		{E19F3973-36D4-4205-84FE-BCB62A61282D}.Debug|Any CPU.Build.0 = Debug|Any CPU
		{E19F3973-36D4-4205-84FE-BCB62A61282D}.Release|Any CPU.ActiveCfg = Release|Any CPU
		{E19F3973-36D4-4205-84FE-BCB62A61282D}.Release|Any CPU.Build.0 = Release|Any CPU
		{446EF51D-E13F-4392-B86B-1D93E2DF6DAE}.Debug|Any CPU.ActiveCfg = Debug|Any CPU
		{446EF51D-E13F-4392-B86B-1D93E2DF6DAE}.Debug|Any CPU.Build.0 = Debug|Any CPU
		{446EF51D-E13F-4392-B86B-1D93E2DF6DAE}.Release|Any CPU.ActiveCfg = Release|Any CPU
		{446EF51D-E13F-4392-B86B-1D93E2DF6DAE}.Release|Any CPU.Build.0 = Release|Any CPU
		{735A7119-AB3B-4027-BD87-A86555673B16}.Debug|Any CPU.ActiveCfg = Debug|Any CPU
		{735A7119-AB3B-4027-BD87-A86555673B16}.Debug|Any CPU.Build.0 = Debug|Any CPU
		{735A7119-AB3B-4027-BD87-A86555673B16}.Release|Any CPU.ActiveCfg = Release|Any CPU
		{735A7119-AB3B-4027-BD87-A86555673B16}.Release|Any CPU.Build.0 = Release|Any CPU
		{96E9F821-B6E4-4C59-8CD1-917CE6F41D3B}.Debug|Any CPU.ActiveCfg = Debug|Any CPU
		{96E9F821-B6E4-4C59-8CD1-917CE6F41D3B}.Debug|Any CPU.Build.0 = Debug|Any CPU
		{96E9F821-B6E4-4C59-8CD1-917CE6F41D3B}.Release|Any CPU.ActiveCfg = Release|Any CPU
		{96E9F821-B6E4-4C59-8CD1-917CE6F41D3B}.Release|Any CPU.Build.0 = Release|Any CPU
		{1CE3DE01-C665-4EFE-890F-389A05F40C19}.Debug|Any CPU.ActiveCfg = Debug|Any CPU
		{1CE3DE01-C665-4EFE-890F-389A05F40C19}.Debug|Any CPU.Build.0 = Debug|Any CPU
		{1CE3DE01-C665-4EFE-890F-389A05F40C19}.Release|Any CPU.ActiveCfg = Release|Any CPU
		{1CE3DE01-C665-4EFE-890F-389A05F40C19}.Release|Any CPU.Build.0 = Release|Any CPU
		{8B7DAA46-9CEB-4A20-88D4-B622D6139F37}.Debug|Any CPU.ActiveCfg = Debug|Any CPU
		{8B7DAA46-9CEB-4A20-88D4-B622D6139F37}.Debug|Any CPU.Build.0 = Debug|Any CPU
		{8B7DAA46-9CEB-4A20-88D4-B622D6139F37}.Release|Any CPU.ActiveCfg = Release|Any CPU
		{8B7DAA46-9CEB-4A20-88D4-B622D6139F37}.Release|Any CPU.Build.0 = Release|Any CPU
		{838C8D52-B1BD-4AA1-A41D-0EDD6E399C9F}.Debug|Any CPU.ActiveCfg = Debug|Any CPU
		{838C8D52-B1BD-4AA1-A41D-0EDD6E399C9F}.Debug|Any CPU.Build.0 = Debug|Any CPU
		{838C8D52-B1BD-4AA1-A41D-0EDD6E399C9F}.Release|Any CPU.ActiveCfg = Release|Any CPU
		{838C8D52-B1BD-4AA1-A41D-0EDD6E399C9F}.Release|Any CPU.Build.0 = Release|Any CPU
		{32F0A728-98A6-49EA-800F-36B8C8B0D1AD}.Debug|Any CPU.ActiveCfg = Debug|Any CPU
		{32F0A728-98A6-49EA-800F-36B8C8B0D1AD}.Debug|Any CPU.Build.0 = Debug|Any CPU
		{32F0A728-98A6-49EA-800F-36B8C8B0D1AD}.Release|Any CPU.ActiveCfg = Release|Any CPU
		{32F0A728-98A6-49EA-800F-36B8C8B0D1AD}.Release|Any CPU.Build.0 = Release|Any CPU
		{5657C7EE-A8A6-45EF-8861-43F379947F03}.Debug|Any CPU.ActiveCfg = Debug|Any CPU
		{5657C7EE-A8A6-45EF-8861-43F379947F03}.Debug|Any CPU.Build.0 = Debug|Any CPU
		{5657C7EE-A8A6-45EF-8861-43F379947F03}.Release|Any CPU.ActiveCfg = Release|Any CPU
		{5657C7EE-A8A6-45EF-8861-43F379947F03}.Release|Any CPU.Build.0 = Release|Any CPU
		{68A372B1-C985-4849-9B5E-69E89D7DEEBB}.Debug|Any CPU.ActiveCfg = Debug|Any CPU
		{68A372B1-C985-4849-9B5E-69E89D7DEEBB}.Debug|Any CPU.Build.0 = Debug|Any CPU
		{68A372B1-C985-4849-9B5E-69E89D7DEEBB}.Release|Any CPU.ActiveCfg = Release|Any CPU
		{68A372B1-C985-4849-9B5E-69E89D7DEEBB}.Release|Any CPU.Build.0 = Release|Any CPU
		{EBD28326-96FD-48B2-AA1A-8E08BB7C492A}.Debug|Any CPU.ActiveCfg = Debug|Any CPU
		{EBD28326-96FD-48B2-AA1A-8E08BB7C492A}.Debug|Any CPU.Build.0 = Debug|Any CPU
		{EBD28326-96FD-48B2-AA1A-8E08BB7C492A}.Release|Any CPU.ActiveCfg = Release|Any CPU
		{EBD28326-96FD-48B2-AA1A-8E08BB7C492A}.Release|Any CPU.Build.0 = Release|Any CPU
		{60F5B02B-668A-425F-8112-62C40E1756B2}.Debug|Any CPU.ActiveCfg = Debug|Any CPU
		{60F5B02B-668A-425F-8112-62C40E1756B2}.Debug|Any CPU.Build.0 = Debug|Any CPU
		{60F5B02B-668A-425F-8112-62C40E1756B2}.Release|Any CPU.ActiveCfg = Release|Any CPU
		{60F5B02B-668A-425F-8112-62C40E1756B2}.Release|Any CPU.Build.0 = Release|Any CPU
		{4A1D78B8-4D3A-4616-8DE6-A776AEF46E39}.Debug|Any CPU.ActiveCfg = Debug|Any CPU
		{4A1D78B8-4D3A-4616-8DE6-A776AEF46E39}.Debug|Any CPU.Build.0 = Debug|Any CPU
		{4A1D78B8-4D3A-4616-8DE6-A776AEF46E39}.Release|Any CPU.ActiveCfg = Release|Any CPU
		{4A1D78B8-4D3A-4616-8DE6-A776AEF46E39}.Release|Any CPU.Build.0 = Release|Any CPU
		{9B814D10-5FF6-4714-B5A4-947482359058}.Debug|Any CPU.ActiveCfg = Debug|Any CPU
		{9B814D10-5FF6-4714-B5A4-947482359058}.Debug|Any CPU.Build.0 = Debug|Any CPU
		{9B814D10-5FF6-4714-B5A4-947482359058}.Release|Any CPU.ActiveCfg = Release|Any CPU
		{9B814D10-5FF6-4714-B5A4-947482359058}.Release|Any CPU.Build.0 = Release|Any CPU
		{8D33D90C-967A-40DA-8BFF-7B2E600E1D2E}.Debug|Any CPU.ActiveCfg = Debug|Any CPU
		{8D33D90C-967A-40DA-8BFF-7B2E600E1D2E}.Debug|Any CPU.Build.0 = Debug|Any CPU
		{8D33D90C-967A-40DA-8BFF-7B2E600E1D2E}.Release|Any CPU.ActiveCfg = Release|Any CPU
		{8D33D90C-967A-40DA-8BFF-7B2E600E1D2E}.Release|Any CPU.Build.0 = Release|Any CPU
	EndGlobalSection
	GlobalSection(SolutionProperties) = preSolution
		HideSolutionNode = FALSE
	EndGlobalSection
	GlobalSection(NestedProjects) = preSolution
		{006D991D-45BF-4838-98DF-F62C7D861E03} = {E31FDAA3-AF32-4041-ACEE-876EF03EB28A}
		{5280B34C-2365-455D-B44A-4B3DE562676D} = {E31FDAA3-AF32-4041-ACEE-876EF03EB28A}
		{8C9D8E24-B234-4BA3-982B-69E6E6E765E3} = {E31FDAA3-AF32-4041-ACEE-876EF03EB28A}
		{E2D57E9F-1141-4056-BC8B-B0FA0C7EA105} = {9E0F2843-953E-4681-B004-37260914D1F0}
		{39CBAC67-5533-4163-9B8A-F713CAF98586} = {9E0F2843-953E-4681-B004-37260914D1F0}
		{8E19256E-35EA-4DEE-82AE-B6C333233361} = {9E0F2843-953E-4681-B004-37260914D1F0}
		{993A7C79-40C5-4AF2-8C09-F7B7DAC4F26B} = {68A7C5F9-0CB6-426B-ADB8-053D353817E7}
		{218281AA-3504-4E8F-AAAB-EBC9580E99FB} = {68A7C5F9-0CB6-426B-ADB8-053D353817E7}
		{A18FD797-3BE7-4CFA-8176-B7F7CD617C30} = {68A7C5F9-0CB6-426B-ADB8-053D353817E7}
		{E19F3973-36D4-4205-84FE-BCB62A61282D} = {340AFE84-2151-489F-ABAF-39FF0142D01A}
		{446EF51D-E13F-4392-B86B-1D93E2DF6DAE} = {340AFE84-2151-489F-ABAF-39FF0142D01A}
		{735A7119-AB3B-4027-BD87-A86555673B16} = {340AFE84-2151-489F-ABAF-39FF0142D01A}
		{96E9F821-B6E4-4C59-8CD1-917CE6F41D3B} = {A9A42ECF-02D4-4EDA-9EF7-614A5748AD83}
		{1CE3DE01-C665-4EFE-890F-389A05F40C19} = {A9A42ECF-02D4-4EDA-9EF7-614A5748AD83}
		{8B7DAA46-9CEB-4A20-88D4-B622D6139F37} = {A9A42ECF-02D4-4EDA-9EF7-614A5748AD83}
		{838C8D52-B1BD-4AA1-A41D-0EDD6E399C9F} = {C8F4892C-E9AC-4BEA-9129-7BAA5FEC8564}
		{32F0A728-98A6-49EA-800F-36B8C8B0D1AD} = {C8F4892C-E9AC-4BEA-9129-7BAA5FEC8564}
		{5657C7EE-A8A6-45EF-8861-43F379947F03} = {C8F4892C-E9AC-4BEA-9129-7BAA5FEC8564}
		{68A372B1-C985-4849-9B5E-69E89D7DEEBB} = {1E2FB1AA-7323-43E7-A9DB-DA3F8DFDA773}
		{EBD28326-96FD-48B2-AA1A-8E08BB7C492A} = {1E2FB1AA-7323-43E7-A9DB-DA3F8DFDA773}
		{60F5B02B-668A-425F-8112-62C40E1756B2} = {1E2FB1AA-7323-43E7-A9DB-DA3F8DFDA773}
		{4A1D78B8-4D3A-4616-8DE6-A776AEF46E39} = {6C74754F-4117-47D7-9D6C-990192B8A89B}
		{9B814D10-5FF6-4714-B5A4-947482359058} = {6C74754F-4117-47D7-9D6C-990192B8A89B}
		{8D33D90C-967A-40DA-8BFF-7B2E600E1D2E} = {6C74754F-4117-47D7-9D6C-990192B8A89B}
	EndGlobalSection
	GlobalSection(ExtensibilityGlobals) = postSolution
		SolutionGuid = {8C364BF0-9932-4985-AD69-6FCEAA3D4A77}
	EndGlobalSection
EndGlobal
